
Microsoft Visual Studio Solution File, Format Version 12.00
# Visual Studio Version 16
VisualStudioVersion = 16.0.29728.190
MinimumVisualStudioVersion = 10.0.40219.1
Project("{FAE04EC0-301F-11D3-BF4B-00C04F79EFBC}") = "Dossier1", "Dossier1\Dossier1.csproj", "{ADFD03EC-E076-43AB-A924-A8CD8F5C8EA7}"
EndProject
Project("{FAE04EC0-301F-11D3-BF4B-00C04F79EFBC}") = "CLShape", "CLShape\CLShape.csproj", "{356F8042-7A6E-485D-AB96-C057FAF4233E}"
EndProject
Project("{FAE04EC0-301F-11D3-BF4B-00C04F79EFBC}") = "CLMathUtil", "MathUtil\CLMathUtil.csproj", "{99DA119C-02C8-45C5-B5F0-99FD56D28EEA}"
EndProject
Project("{FAE04EC0-301F-11D3-BF4B-00C04F79EFBC}") = "MyCartoWindow", "MyCartoWindow\MyCartoWindow.csproj", "{FD9A0A47-FAFC-46D0-A43B-A23B369E6559}"
EndProject
Global
	GlobalSection(SolutionConfigurationPlatforms) = preSolution
		Debug|Any CPU = Debug|Any CPU
		Release|Any CPU = Release|Any CPU
	EndGlobalSection
	GlobalSection(ProjectConfigurationPlatforms) = postSolution
		{ADFD03EC-E076-43AB-A924-A8CD8F5C8EA7}.Debug|Any CPU.ActiveCfg = Debug|Any CPU
		{ADFD03EC-E076-43AB-A924-A8CD8F5C8EA7}.Debug|Any CPU.Build.0 = Debug|Any CPU
		{ADFD03EC-E076-43AB-A924-A8CD8F5C8EA7}.Release|Any CPU.ActiveCfg = Release|Any CPU
		{ADFD03EC-E076-43AB-A924-A8CD8F5C8EA7}.Release|Any CPU.Build.0 = Release|Any CPU
		{356F8042-7A6E-485D-AB96-C057FAF4233E}.Debug|Any CPU.ActiveCfg = Debug|Any CPU
		{356F8042-7A6E-485D-AB96-C057FAF4233E}.Debug|Any CPU.Build.0 = Debug|Any CPU
		{356F8042-7A6E-485D-AB96-C057FAF4233E}.Release|Any CPU.ActiveCfg = Release|Any CPU
		{356F8042-7A6E-485D-AB96-C057FAF4233E}.Release|Any CPU.Build.0 = Release|Any CPU
		{99DA119C-02C8-45C5-B5F0-99FD56D28EEA}.Debug|Any CPU.ActiveCfg = Debug|Any CPU
		{99DA119C-02C8-45C5-B5F0-99FD56D28EEA}.Debug|Any CPU.Build.0 = Debug|Any CPU
		{99DA119C-02C8-45C5-B5F0-99FD56D28EEA}.Release|Any CPU.ActiveCfg = Release|Any CPU
		{99DA119C-02C8-45C5-B5F0-99FD56D28EEA}.Release|Any CPU.Build.0 = Release|Any CPU
		{FD9A0A47-FAFC-46D0-A43B-A23B369E6559}.Debug|Any CPU.ActiveCfg = Debug|Any CPU
		{FD9A0A47-FAFC-46D0-A43B-A23B369E6559}.Debug|Any CPU.Build.0 = Debug|Any CPU
		{FD9A0A47-FAFC-46D0-A43B-A23B369E6559}.Release|Any CPU.ActiveCfg = Release|Any CPU
		{FD9A0A47-FAFC-46D0-A43B-A23B369E6559}.Release|Any CPU.Build.0 = Release|Any CPU
	EndGlobalSection
	GlobalSection(SolutionProperties) = preSolution
		HideSolutionNode = FALSE
	EndGlobalSection
	GlobalSection(ExtensibilityGlobals) = postSolution
		SolutionGuid = {2992A1FE-0FEB-4330-97B9-FABDCCB18116}
	EndGlobalSection
EndGlobal
